
Microsoft Visual Studio Solution File, Format Version 12.00
# Visual Studio 15
VisualStudioVersion = 15.0.28307.902
MinimumVisualStudioVersion = 10.0.40219.1
Project("{FAE04EC0-301F-11D3-BF4B-00C04F79EFBC}") = "TreningWindows", "TreningWindows.csproj", "{8C2ED919-8DC5-46F9-A3F5-6A6108B0056A}"
EndProject
Project("{FAE04EC0-301F-11D3-BF4B-00C04F79EFBC}") = "Trening_mobile.Android", "..\Trening_mobile\Trening_mobile.Android\Trening_mobile.Android.csproj", "{4930087E-CD4E-484F-912F-4B62029D4640}"
EndProject
Project("{FAE04EC0-301F-11D3-BF4B-00C04F79EFBC}") = "Trening_mobile.UWP", "..\Trening_mobile\Trening_mobile.UWP\Trening_mobile.UWP.csproj", "{62BA25D0-A3F9-4F52-8E2A-8420284EF9FA}"
EndProject
Project("{9A19103F-16F7-4668-BE54-9A1E7A4F7556}") = "Trening_mobile", "..\Trening_mobile\Trening_mobile\Trening_mobile.csproj", "{20F50C2E-F483-43DB-94DD-48C1215A1DDC}"
EndProject
Project("{2150E333-8FDC-42A3-9474-1A3956D46DE8}") = "Kurs", "Kurs", "{E8589866-37FA-4680-9DBD-A51623D005C7}"
EndProject
Project("{FAE04EC0-301F-11D3-BF4B-00C04F79EFBC}") = "ZamarinKurs.Android", "ZamarinKurs\ZamarinKurs.Android\ZamarinKurs.Android.csproj", "{BFC11F39-FF74-4BE4-88E1-8A12D5E57573}"
EndProject
Project("{FAE04EC0-301F-11D3-BF4B-00C04F79EFBC}") = "ZamarinKurs.UWP", "ZamarinKurs\ZamarinKurs.UWP\ZamarinKurs.UWP.csproj", "{3B7ED67A-8C7C-4110-A375-FC75A4FA358A}"
EndProject
Project("{FAE04EC0-301F-11D3-BF4B-00C04F79EFBC}") = "ZamarinKurs", "ZamarinKurs\ZamarinKurs\ZamarinKurs.csproj", "{81906FDA-CFFF-4EEA-A5E9-13ED52BDCE2B}"
EndProject
Global
	GlobalSection(SolutionConfigurationPlatforms) = preSolution
		Ad-Hoc|Any CPU = Ad-Hoc|Any CPU
		Ad-Hoc|ARM = Ad-Hoc|ARM
		Ad-Hoc|iPhone = Ad-Hoc|iPhone
		Ad-Hoc|iPhoneSimulator = Ad-Hoc|iPhoneSimulator
		Ad-Hoc|x64 = Ad-Hoc|x64
		Ad-Hoc|x86 = Ad-Hoc|x86
		AppStore|Any CPU = AppStore|Any CPU
		AppStore|ARM = AppStore|ARM
		AppStore|iPhone = AppStore|iPhone
		AppStore|iPhoneSimulator = AppStore|iPhoneSimulator
		AppStore|x64 = AppStore|x64
		AppStore|x86 = AppStore|x86
		Debug|Any CPU = Debug|Any CPU
		Debug|ARM = Debug|ARM
		Debug|iPhone = Debug|iPhone
		Debug|iPhoneSimulator = Debug|iPhoneSimulator
		Debug|x64 = Debug|x64
		Debug|x86 = Debug|x86
		Release|Any CPU = Release|Any CPU
		Release|ARM = Release|ARM
		Release|iPhone = Release|iPhone
		Release|iPhoneSimulator = Release|iPhoneSimulator
		Release|x64 = Release|x64
		Release|x86 = Release|x86
	EndGlobalSection
	GlobalSection(ProjectConfigurationPlatforms) = postSolution
		{8C2ED919-8DC5-46F9-A3F5-6A6108B0056A}.Ad-Hoc|Any CPU.ActiveCfg = Release|Any CPU
		{8C2ED919-8DC5-46F9-A3F5-6A6108B0056A}.Ad-Hoc|Any CPU.Build.0 = Release|Any CPU
		{8C2ED919-8DC5-46F9-A3F5-6A6108B0056A}.Ad-Hoc|ARM.ActiveCfg = Release|Any CPU
		{8C2ED919-8DC5-46F9-A3F5-6A6108B0056A}.Ad-Hoc|ARM.Build.0 = Release|Any CPU
		{8C2ED919-8DC5-46F9-A3F5-6A6108B0056A}.Ad-Hoc|iPhone.ActiveCfg = Release|Any CPU
		{8C2ED919-8DC5-46F9-A3F5-6A6108B0056A}.Ad-Hoc|iPhone.Build.0 = Release|Any CPU
		{8C2ED919-8DC5-46F9-A3F5-6A6108B0056A}.Ad-Hoc|iPhoneSimulator.ActiveCfg = Release|Any CPU
		{8C2ED919-8DC5-46F9-A3F5-6A6108B0056A}.Ad-Hoc|iPhoneSimulator.Build.0 = Release|Any CPU
		{8C2ED919-8DC5-46F9-A3F5-6A6108B0056A}.Ad-Hoc|x64.ActiveCfg = Release|Any CPU
		{8C2ED919-8DC5-46F9-A3F5-6A6108B0056A}.Ad-Hoc|x64.Build.0 = Release|Any CPU
		{8C2ED919-8DC5-46F9-A3F5-6A6108B0056A}.Ad-Hoc|x86.ActiveCfg = Release|Any CPU
		{8C2ED919-8DC5-46F9-A3F5-6A6108B0056A}.Ad-Hoc|x86.Build.0 = Release|Any CPU
		{8C2ED919-8DC5-46F9-A3F5-6A6108B0056A}.AppStore|Any CPU.ActiveCfg = Release|Any CPU
		{8C2ED919-8DC5-46F9-A3F5-6A6108B0056A}.AppStore|Any CPU.Build.0 = Release|Any CPU
		{8C2ED919-8DC5-46F9-A3F5-6A6108B0056A}.AppStore|ARM.ActiveCfg = Release|Any CPU
		{8C2ED919-8DC5-46F9-A3F5-6A6108B0056A}.AppStore|ARM.Build.0 = Release|Any CPU
		{8C2ED919-8DC5-46F9-A3F5-6A6108B0056A}.AppStore|iPhone.ActiveCfg = Release|Any CPU
		{8C2ED919-8DC5-46F9-A3F5-6A6108B0056A}.AppStore|iPhone.Build.0 = Release|Any CPU
		{8C2ED919-8DC5-46F9-A3F5-6A6108B0056A}.AppStore|iPhoneSimulator.ActiveCfg = Release|Any CPU
		{8C2ED919-8DC5-46F9-A3F5-6A6108B0056A}.AppStore|iPhoneSimulator.Build.0 = Release|Any CPU
		{8C2ED919-8DC5-46F9-A3F5-6A6108B0056A}.AppStore|x64.ActiveCfg = Release|Any CPU
		{8C2ED919-8DC5-46F9-A3F5-6A6108B0056A}.AppStore|x64.Build.0 = Release|Any CPU
		{8C2ED919-8DC5-46F9-A3F5-6A6108B0056A}.AppStore|x86.ActiveCfg = Release|Any CPU
		{8C2ED919-8DC5-46F9-A3F5-6A6108B0056A}.AppStore|x86.Build.0 = Release|Any CPU
		{8C2ED919-8DC5-46F9-A3F5-6A6108B0056A}.Debug|Any CPU.ActiveCfg = Debug|Any CPU
		{8C2ED919-8DC5-46F9-A3F5-6A6108B0056A}.Debug|Any CPU.Build.0 = Debug|Any CPU
		{8C2ED919-8DC5-46F9-A3F5-6A6108B0056A}.Debug|ARM.ActiveCfg = Debug|Any CPU
		{8C2ED919-8DC5-46F9-A3F5-6A6108B0056A}.Debug|ARM.Build.0 = Debug|Any CPU
		{8C2ED919-8DC5-46F9-A3F5-6A6108B0056A}.Debug|iPhone.ActiveCfg = Debug|Any CPU
		{8C2ED919-8DC5-46F9-A3F5-6A6108B0056A}.Debug|iPhone.Build.0 = Debug|Any CPU
		{8C2ED919-8DC5-46F9-A3F5-6A6108B0056A}.Debug|iPhoneSimulator.ActiveCfg = Debug|Any CPU
		{8C2ED919-8DC5-46F9-A3F5-6A6108B0056A}.Debug|iPhoneSimulator.Build.0 = Debug|Any CPU
		{8C2ED919-8DC5-46F9-A3F5-6A6108B0056A}.Debug|x64.ActiveCfg = Debug|Any CPU
		{8C2ED919-8DC5-46F9-A3F5-6A6108B0056A}.Debug|x64.Build.0 = Debug|Any CPU
		{8C2ED919-8DC5-46F9-A3F5-6A6108B0056A}.Debug|x86.ActiveCfg = Debug|Any CPU
		{8C2ED919-8DC5-46F9-A3F5-6A6108B0056A}.Debug|x86.Build.0 = Debug|Any CPU
		{8C2ED919-8DC5-46F9-A3F5-6A6108B0056A}.Release|Any CPU.ActiveCfg = Release|Any CPU
		{8C2ED919-8DC5-46F9-A3F5-6A6108B0056A}.Release|Any CPU.Build.0 = Release|Any CPU
		{8C2ED919-8DC5-46F9-A3F5-6A6108B0056A}.Release|ARM.ActiveCfg = Release|Any CPU
		{8C2ED919-8DC5-46F9-A3F5-6A6108B0056A}.Release|ARM.Build.0 = Release|Any CPU
		{8C2ED919-8DC5-46F9-A3F5-6A6108B0056A}.Release|iPhone.ActiveCfg = Release|Any CPU
		{8C2ED919-8DC5-46F9-A3F5-6A6108B0056A}.Release|iPhone.Build.0 = Release|Any CPU
		{8C2ED919-8DC5-46F9-A3F5-6A6108B0056A}.Release|iPhoneSimulator.ActiveCfg = Release|Any CPU
		{8C2ED919-8DC5-46F9-A3F5-6A6108B0056A}.Release|iPhoneSimulator.Build.0 = Release|Any CPU
		{8C2ED919-8DC5-46F9-A3F5-6A6108B0056A}.Release|x64.ActiveCfg = Release|Any CPU
		{8C2ED919-8DC5-46F9-A3F5-6A6108B0056A}.Release|x64.Build.0 = Release|Any CPU
		{8C2ED919-8DC5-46F9-A3F5-6A6108B0056A}.Release|x86.ActiveCfg = Release|Any CPU
		{8C2ED919-8DC5-46F9-A3F5-6A6108B0056A}.Release|x86.Build.0 = Release|Any CPU
		{4930087E-CD4E-484F-912F-4B62029D4640}.Ad-Hoc|Any CPU.ActiveCfg = Release|Any CPU
		{4930087E-CD4E-484F-912F-4B62029D4640}.Ad-Hoc|Any CPU.Build.0 = Release|Any CPU
		{4930087E-CD4E-484F-912F-4B62029D4640}.Ad-Hoc|Any CPU.Deploy.0 = Release|Any CPU
		{4930087E-CD4E-484F-912F-4B62029D4640}.Ad-Hoc|ARM.ActiveCfg = Release|Any CPU
		{4930087E-CD4E-484F-912F-4B62029D4640}.Ad-Hoc|ARM.Build.0 = Release|Any CPU
		{4930087E-CD4E-484F-912F-4B62029D4640}.Ad-Hoc|ARM.Deploy.0 = Release|Any CPU
		{4930087E-CD4E-484F-912F-4B62029D4640}.Ad-Hoc|iPhone.ActiveCfg = Release|Any CPU
		{4930087E-CD4E-484F-912F-4B62029D4640}.Ad-Hoc|iPhone.Build.0 = Release|Any CPU
		{4930087E-CD4E-484F-912F-4B62029D4640}.Ad-Hoc|iPhone.Deploy.0 = Release|Any CPU
		{4930087E-CD4E-484F-912F-4B62029D4640}.Ad-Hoc|iPhoneSimulator.ActiveCfg = Release|Any CPU
		{4930087E-CD4E-484F-912F-4B62029D4640}.Ad-Hoc|iPhoneSimulator.Build.0 = Release|Any CPU
		{4930087E-CD4E-484F-912F-4B62029D4640}.Ad-Hoc|iPhoneSimulator.Deploy.0 = Release|Any CPU
		{4930087E-CD4E-484F-912F-4B62029D4640}.Ad-Hoc|x64.ActiveCfg = Release|Any CPU
		{4930087E-CD4E-484F-912F-4B62029D4640}.Ad-Hoc|x64.Build.0 = Release|Any CPU
		{4930087E-CD4E-484F-912F-4B62029D4640}.Ad-Hoc|x64.Deploy.0 = Release|Any CPU
		{4930087E-CD4E-484F-912F-4B62029D4640}.Ad-Hoc|x86.ActiveCfg = Release|Any CPU
		{4930087E-CD4E-484F-912F-4B62029D4640}.Ad-Hoc|x86.Build.0 = Release|Any CPU
		{4930087E-CD4E-484F-912F-4B62029D4640}.Ad-Hoc|x86.Deploy.0 = Release|Any CPU
		{4930087E-CD4E-484F-912F-4B62029D4640}.AppStore|Any CPU.ActiveCfg = Release|Any CPU
		{4930087E-CD4E-484F-912F-4B62029D4640}.AppStore|Any CPU.Build.0 = Release|Any CPU
		{4930087E-CD4E-484F-912F-4B62029D4640}.AppStore|Any CPU.Deploy.0 = Release|Any CPU
		{4930087E-CD4E-484F-912F-4B62029D4640}.AppStore|ARM.ActiveCfg = Release|Any CPU
		{4930087E-CD4E-484F-912F-4B62029D4640}.AppStore|ARM.Build.0 = Release|Any CPU
		{4930087E-CD4E-484F-912F-4B62029D4640}.AppStore|ARM.Deploy.0 = Release|Any CPU
		{4930087E-CD4E-484F-912F-4B62029D4640}.AppStore|iPhone.ActiveCfg = Release|Any CPU
		{4930087E-CD4E-484F-912F-4B62029D4640}.AppStore|iPhone.Build.0 = Release|Any CPU
		{4930087E-CD4E-484F-912F-4B62029D4640}.AppStore|iPhone.Deploy.0 = Release|Any CPU
		{4930087E-CD4E-484F-912F-4B62029D4640}.AppStore|iPhoneSimulator.ActiveCfg = Release|Any CPU
		{4930087E-CD4E-484F-912F-4B62029D4640}.AppStore|iPhoneSimulator.Build.0 = Release|Any CPU
		{4930087E-CD4E-484F-912F-4B62029D4640}.AppStore|iPhoneSimulator.Deploy.0 = Release|Any CPU
		{4930087E-CD4E-484F-912F-4B62029D4640}.AppStore|x64.ActiveCfg = Release|Any CPU
		{4930087E-CD4E-484F-912F-4B62029D4640}.AppStore|x64.Build.0 = Release|Any CPU
		{4930087E-CD4E-484F-912F-4B62029D4640}.AppStore|x64.Deploy.0 = Release|Any CPU
		{4930087E-CD4E-484F-912F-4B62029D4640}.AppStore|x86.ActiveCfg = Release|Any CPU
		{4930087E-CD4E-484F-912F-4B62029D4640}.AppStore|x86.Build.0 = Release|Any CPU
		{4930087E-CD4E-484F-912F-4B62029D4640}.AppStore|x86.Deploy.0 = Release|Any CPU
		{4930087E-CD4E-484F-912F-4B62029D4640}.Debug|Any CPU.ActiveCfg = Debug|Any CPU
		{4930087E-CD4E-484F-912F-4B62029D4640}.Debug|Any CPU.Build.0 = Debug|Any CPU
		{4930087E-CD4E-484F-912F-4B62029D4640}.Debug|Any CPU.Deploy.0 = Debug|Any CPU
		{4930087E-CD4E-484F-912F-4B62029D4640}.Debug|ARM.ActiveCfg = Debug|Any CPU
		{4930087E-CD4E-484F-912F-4B62029D4640}.Debug|ARM.Build.0 = Debug|Any CPU
		{4930087E-CD4E-484F-912F-4B62029D4640}.Debug|ARM.Deploy.0 = Debug|Any CPU
		{4930087E-CD4E-484F-912F-4B62029D4640}.Debug|iPhone.ActiveCfg = Debug|Any CPU
		{4930087E-CD4E-484F-912F-4B62029D4640}.Debug|iPhone.Build.0 = Debug|Any CPU
		{4930087E-CD4E-484F-912F-4B62029D4640}.Debug|iPhone.Deploy.0 = Debug|Any CPU
		{4930087E-CD4E-484F-912F-4B62029D4640}.Debug|iPhoneSimulator.ActiveCfg = Debug|Any CPU
		{4930087E-CD4E-484F-912F-4B62029D4640}.Debug|iPhoneSimulator.Build.0 = Debug|Any CPU
		{4930087E-CD4E-484F-912F-4B62029D4640}.Debug|iPhoneSimulator.Deploy.0 = Debug|Any CPU
		{4930087E-CD4E-484F-912F-4B62029D4640}.Debug|x64.ActiveCfg = Debug|Any CPU
		{4930087E-CD4E-484F-912F-4B62029D4640}.Debug|x64.Build.0 = Debug|Any CPU
		{4930087E-CD4E-484F-912F-4B62029D4640}.Debug|x64.Deploy.0 = Debug|Any CPU
		{4930087E-CD4E-484F-912F-4B62029D4640}.Debug|x86.ActiveCfg = Debug|Any CPU
		{4930087E-CD4E-484F-912F-4B62029D4640}.Debug|x86.Build.0 = Debug|Any CPU
		{4930087E-CD4E-484F-912F-4B62029D4640}.Debug|x86.Deploy.0 = Debug|Any CPU
		{4930087E-CD4E-484F-912F-4B62029D4640}.Release|Any CPU.ActiveCfg = Release|Any CPU
		{4930087E-CD4E-484F-912F-4B62029D4640}.Release|Any CPU.Build.0 = Release|Any CPU
		{4930087E-CD4E-484F-912F-4B62029D4640}.Release|Any CPU.Deploy.0 = Release|Any CPU
		{4930087E-CD4E-484F-912F-4B62029D4640}.Release|ARM.ActiveCfg = Release|Any CPU
		{4930087E-CD4E-484F-912F-4B62029D4640}.Release|ARM.Build.0 = Release|Any CPU
		{4930087E-CD4E-484F-912F-4B62029D4640}.Release|ARM.Deploy.0 = Release|Any CPU
		{4930087E-CD4E-484F-912F-4B62029D4640}.Release|iPhone.ActiveCfg = Release|Any CPU
		{4930087E-CD4E-484F-912F-4B62029D4640}.Release|iPhone.Build.0 = Release|Any CPU
		{4930087E-CD4E-484F-912F-4B62029D4640}.Release|iPhone.Deploy.0 = Release|Any CPU
		{4930087E-CD4E-484F-912F-4B62029D4640}.Release|iPhoneSimulator.ActiveCfg = Release|Any CPU
		{4930087E-CD4E-484F-912F-4B62029D4640}.Release|iPhoneSimulator.Build.0 = Release|Any CPU
		{4930087E-CD4E-484F-912F-4B62029D4640}.Release|iPhoneSimulator.Deploy.0 = Release|Any CPU
		{4930087E-CD4E-484F-912F-4B62029D4640}.Release|x64.ActiveCfg = Release|Any CPU
		{4930087E-CD4E-484F-912F-4B62029D4640}.Release|x64.Build.0 = Release|Any CPU
		{4930087E-CD4E-484F-912F-4B62029D4640}.Release|x64.Deploy.0 = Release|Any CPU
		{4930087E-CD4E-484F-912F-4B62029D4640}.Release|x86.ActiveCfg = Release|Any CPU
		{4930087E-CD4E-484F-912F-4B62029D4640}.Release|x86.Build.0 = Release|Any CPU
		{4930087E-CD4E-484F-912F-4B62029D4640}.Release|x86.Deploy.0 = Release|Any CPU
		{62BA25D0-A3F9-4F52-8E2A-8420284EF9FA}.Ad-Hoc|Any CPU.ActiveCfg = Release|x86
		{62BA25D0-A3F9-4F52-8E2A-8420284EF9FA}.Ad-Hoc|Any CPU.Build.0 = Release|x86
		{62BA25D0-A3F9-4F52-8E2A-8420284EF9FA}.Ad-Hoc|Any CPU.Deploy.0 = Release|x86
		{62BA25D0-A3F9-4F52-8E2A-8420284EF9FA}.Ad-Hoc|ARM.ActiveCfg = Release|ARM
		{62BA25D0-A3F9-4F52-8E2A-8420284EF9FA}.Ad-Hoc|ARM.Build.0 = Release|ARM
		{62BA25D0-A3F9-4F52-8E2A-8420284EF9FA}.Ad-Hoc|ARM.Deploy.0 = Release|ARM
		{62BA25D0-A3F9-4F52-8E2A-8420284EF9FA}.Ad-Hoc|iPhone.ActiveCfg = Release|x86
		{62BA25D0-A3F9-4F52-8E2A-8420284EF9FA}.Ad-Hoc|iPhone.Build.0 = Release|x86
		{62BA25D0-A3F9-4F52-8E2A-8420284EF9FA}.Ad-Hoc|iPhone.Deploy.0 = Release|x86
		{62BA25D0-A3F9-4F52-8E2A-8420284EF9FA}.Ad-Hoc|iPhoneSimulator.ActiveCfg = Release|x86
		{62BA25D0-A3F9-4F52-8E2A-8420284EF9FA}.Ad-Hoc|iPhoneSimulator.Build.0 = Release|x86
		{62BA25D0-A3F9-4F52-8E2A-8420284EF9FA}.Ad-Hoc|iPhoneSimulator.Deploy.0 = Release|x86
		{62BA25D0-A3F9-4F52-8E2A-8420284EF9FA}.Ad-Hoc|x64.ActiveCfg = Release|x64
		{62BA25D0-A3F9-4F52-8E2A-8420284EF9FA}.Ad-Hoc|x64.Build.0 = Release|x64
		{62BA25D0-A3F9-4F52-8E2A-8420284EF9FA}.Ad-Hoc|x64.Deploy.0 = Release|x64
		{62BA25D0-A3F9-4F52-8E2A-8420284EF9FA}.Ad-Hoc|x86.ActiveCfg = Release|x86
		{62BA25D0-A3F9-4F52-8E2A-8420284EF9FA}.Ad-Hoc|x86.Build.0 = Release|x86
		{62BA25D0-A3F9-4F52-8E2A-8420284EF9FA}.Ad-Hoc|x86.Deploy.0 = Release|x86
		{62BA25D0-A3F9-4F52-8E2A-8420284EF9FA}.AppStore|Any CPU.ActiveCfg = Release|x86
		{62BA25D0-A3F9-4F52-8E2A-8420284EF9FA}.AppStore|Any CPU.Build.0 = Release|x86
		{62BA25D0-A3F9-4F52-8E2A-8420284EF9FA}.AppStore|Any CPU.Deploy.0 = Release|x86
		{62BA25D0-A3F9-4F52-8E2A-8420284EF9FA}.AppStore|ARM.ActiveCfg = Release|ARM
		{62BA25D0-A3F9-4F52-8E2A-8420284EF9FA}.AppStore|ARM.Build.0 = Release|ARM
		{62BA25D0-A3F9-4F52-8E2A-8420284EF9FA}.AppStore|ARM.Deploy.0 = Release|ARM
		{62BA25D0-A3F9-4F52-8E2A-8420284EF9FA}.AppStore|iPhone.ActiveCfg = Release|x86
		{62BA25D0-A3F9-4F52-8E2A-8420284EF9FA}.AppStore|iPhone.Build.0 = Release|x86
		{62BA25D0-A3F9-4F52-8E2A-8420284EF9FA}.AppStore|iPhone.Deploy.0 = Release|x86
		{62BA25D0-A3F9-4F52-8E2A-8420284EF9FA}.AppStore|iPhoneSimulator.ActiveCfg = Release|x86
		{62BA25D0-A3F9-4F52-8E2A-8420284EF9FA}.AppStore|iPhoneSimulator.Build.0 = Release|x86
		{62BA25D0-A3F9-4F52-8E2A-8420284EF9FA}.AppStore|iPhoneSimulator.Deploy.0 = Release|x86
		{62BA25D0-A3F9-4F52-8E2A-8420284EF9FA}.AppStore|x64.ActiveCfg = Release|x64
		{62BA25D0-A3F9-4F52-8E2A-8420284EF9FA}.AppStore|x64.Build.0 = Release|x64
		{62BA25D0-A3F9-4F52-8E2A-8420284EF9FA}.AppStore|x64.Deploy.0 = Release|x64
		{62BA25D0-A3F9-4F52-8E2A-8420284EF9FA}.AppStore|x86.ActiveCfg = Release|x86
		{62BA25D0-A3F9-4F52-8E2A-8420284EF9FA}.AppStore|x86.Build.0 = Release|x86
		{62BA25D0-A3F9-4F52-8E2A-8420284EF9FA}.AppStore|x86.Deploy.0 = Release|x86
		{62BA25D0-A3F9-4F52-8E2A-8420284EF9FA}.Debug|Any CPU.ActiveCfg = Debug|x86
		{62BA25D0-A3F9-4F52-8E2A-8420284EF9FA}.Debug|ARM.ActiveCfg = Debug|ARM
		{62BA25D0-A3F9-4F52-8E2A-8420284EF9FA}.Debug|ARM.Build.0 = Debug|ARM
		{62BA25D0-A3F9-4F52-8E2A-8420284EF9FA}.Debug|ARM.Deploy.0 = Debug|ARM
		{62BA25D0-A3F9-4F52-8E2A-8420284EF9FA}.Debug|iPhone.ActiveCfg = Debug|x86
		{62BA25D0-A3F9-4F52-8E2A-8420284EF9FA}.Debug|iPhoneSimulator.ActiveCfg = Debug|x86
		{62BA25D0-A3F9-4F52-8E2A-8420284EF9FA}.Debug|x64.ActiveCfg = Debug|x64
		{62BA25D0-A3F9-4F52-8E2A-8420284EF9FA}.Debug|x64.Build.0 = Debug|x64
		{62BA25D0-A3F9-4F52-8E2A-8420284EF9FA}.Debug|x64.Deploy.0 = Debug|x64
		{62BA25D0-A3F9-4F52-8E2A-8420284EF9FA}.Debug|x86.ActiveCfg = Debug|x86
		{62BA25D0-A3F9-4F52-8E2A-8420284EF9FA}.Debug|x86.Build.0 = Debug|x86
		{62BA25D0-A3F9-4F52-8E2A-8420284EF9FA}.Debug|x86.Deploy.0 = Debug|x86
		{62BA25D0-A3F9-4F52-8E2A-8420284EF9FA}.Release|Any CPU.ActiveCfg = Release|x86
		{62BA25D0-A3F9-4F52-8E2A-8420284EF9FA}.Release|ARM.ActiveCfg = Release|ARM
		{62BA25D0-A3F9-4F52-8E2A-8420284EF9FA}.Release|ARM.Build.0 = Release|ARM
		{62BA25D0-A3F9-4F52-8E2A-8420284EF9FA}.Release|ARM.Deploy.0 = Release|ARM
		{62BA25D0-A3F9-4F52-8E2A-8420284EF9FA}.Release|iPhone.ActiveCfg = Release|x86
		{62BA25D0-A3F9-4F52-8E2A-8420284EF9FA}.Release|iPhoneSimulator.ActiveCfg = Release|x86
		{62BA25D0-A3F9-4F52-8E2A-8420284EF9FA}.Release|x64.ActiveCfg = Release|x64
		{62BA25D0-A3F9-4F52-8E2A-8420284EF9FA}.Release|x64.Build.0 = Release|x64
		{62BA25D0-A3F9-4F52-8E2A-8420284EF9FA}.Release|x64.Deploy.0 = Release|x64
		{62BA25D0-A3F9-4F52-8E2A-8420284EF9FA}.Release|x86.ActiveCfg = Release|x86
		{62BA25D0-A3F9-4F52-8E2A-8420284EF9FA}.Release|x86.Build.0 = Release|x86
		{62BA25D0-A3F9-4F52-8E2A-8420284EF9FA}.Release|x86.Deploy.0 = Release|x86
		{20F50C2E-F483-43DB-94DD-48C1215A1DDC}.Ad-Hoc|Any CPU.ActiveCfg = Debug|Any CPU
		{20F50C2E-F483-43DB-94DD-48C1215A1DDC}.Ad-Hoc|Any CPU.Build.0 = Debug|Any CPU
		{20F50C2E-F483-43DB-94DD-48C1215A1DDC}.Ad-Hoc|ARM.ActiveCfg = Debug|Any CPU
		{20F50C2E-F483-43DB-94DD-48C1215A1DDC}.Ad-Hoc|ARM.Build.0 = Debug|Any CPU
		{20F50C2E-F483-43DB-94DD-48C1215A1DDC}.Ad-Hoc|iPhone.ActiveCfg = Debug|Any CPU
		{20F50C2E-F483-43DB-94DD-48C1215A1DDC}.Ad-Hoc|iPhone.Build.0 = Debug|Any CPU
		{20F50C2E-F483-43DB-94DD-48C1215A1DDC}.Ad-Hoc|iPhoneSimulator.ActiveCfg = Debug|Any CPU
		{20F50C2E-F483-43DB-94DD-48C1215A1DDC}.Ad-Hoc|iPhoneSimulator.Build.0 = Debug|Any CPU
		{20F50C2E-F483-43DB-94DD-48C1215A1DDC}.Ad-Hoc|x64.ActiveCfg = Debug|Any CPU
		{20F50C2E-F483-43DB-94DD-48C1215A1DDC}.Ad-Hoc|x64.Build.0 = Debug|Any CPU
		{20F50C2E-F483-43DB-94DD-48C1215A1DDC}.Ad-Hoc|x86.ActiveCfg = Debug|Any CPU
		{20F50C2E-F483-43DB-94DD-48C1215A1DDC}.Ad-Hoc|x86.Build.0 = Debug|Any CPU
		{20F50C2E-F483-43DB-94DD-48C1215A1DDC}.AppStore|Any CPU.ActiveCfg = Debug|Any CPU
		{20F50C2E-F483-43DB-94DD-48C1215A1DDC}.AppStore|Any CPU.Build.0 = Debug|Any CPU
		{20F50C2E-F483-43DB-94DD-48C1215A1DDC}.AppStore|ARM.ActiveCfg = Debug|Any CPU
		{20F50C2E-F483-43DB-94DD-48C1215A1DDC}.AppStore|ARM.Build.0 = Debug|Any CPU
		{20F50C2E-F483-43DB-94DD-48C1215A1DDC}.AppStore|iPhone.ActiveCfg = Debug|Any CPU
		{20F50C2E-F483-43DB-94DD-48C1215A1DDC}.AppStore|iPhone.Build.0 = Debug|Any CPU
		{20F50C2E-F483-43DB-94DD-48C1215A1DDC}.AppStore|iPhoneSimulator.ActiveCfg = Debug|Any CPU
		{20F50C2E-F483-43DB-94DD-48C1215A1DDC}.AppStore|iPhoneSimulator.Build.0 = Debug|Any CPU
		{20F50C2E-F483-43DB-94DD-48C1215A1DDC}.AppStore|x64.ActiveCfg = Debug|Any CPU
		{20F50C2E-F483-43DB-94DD-48C1215A1DDC}.AppStore|x64.Build.0 = Debug|Any CPU
		{20F50C2E-F483-43DB-94DD-48C1215A1DDC}.AppStore|x86.ActiveCfg = Debug|Any CPU
		{20F50C2E-F483-43DB-94DD-48C1215A1DDC}.AppStore|x86.Build.0 = Debug|Any CPU
		{20F50C2E-F483-43DB-94DD-48C1215A1DDC}.Debug|Any CPU.ActiveCfg = Debug|Any CPU
		{20F50C2E-F483-43DB-94DD-48C1215A1DDC}.Debug|Any CPU.Build.0 = Debug|Any CPU
		{20F50C2E-F483-43DB-94DD-48C1215A1DDC}.Debug|ARM.ActiveCfg = Debug|Any CPU
		{20F50C2E-F483-43DB-94DD-48C1215A1DDC}.Debug|ARM.Build.0 = Debug|Any CPU
		{20F50C2E-F483-43DB-94DD-48C1215A1DDC}.Debug|iPhone.ActiveCfg = Debug|Any CPU
		{20F50C2E-F483-43DB-94DD-48C1215A1DDC}.Debug|iPhone.Build.0 = Debug|Any CPU
		{20F50C2E-F483-43DB-94DD-48C1215A1DDC}.Debug|iPhoneSimulator.ActiveCfg = Debug|Any CPU
		{20F50C2E-F483-43DB-94DD-48C1215A1DDC}.Debug|iPhoneSimulator.Build.0 = Debug|Any CPU
		{20F50C2E-F483-43DB-94DD-48C1215A1DDC}.Debug|x64.ActiveCfg = Debug|Any CPU
		{20F50C2E-F483-43DB-94DD-48C1215A1DDC}.Debug|x64.Build.0 = Debug|Any CPU
		{20F50C2E-F483-43DB-94DD-48C1215A1DDC}.Debug|x86.ActiveCfg = Debug|Any CPU
		{20F50C2E-F483-43DB-94DD-48C1215A1DDC}.Debug|x86.Build.0 = Debug|Any CPU
		{20F50C2E-F483-43DB-94DD-48C1215A1DDC}.Release|Any CPU.ActiveCfg = Release|Any CPU
		{20F50C2E-F483-43DB-94DD-48C1215A1DDC}.Release|Any CPU.Build.0 = Release|Any CPU
		{20F50C2E-F483-43DB-94DD-48C1215A1DDC}.Release|ARM.ActiveCfg = Release|Any CPU
		{20F50C2E-F483-43DB-94DD-48C1215A1DDC}.Release|ARM.Build.0 = Release|Any CPU
		{20F50C2E-F483-43DB-94DD-48C1215A1DDC}.Release|iPhone.ActiveCfg = Release|Any CPU
		{20F50C2E-F483-43DB-94DD-48C1215A1DDC}.Release|iPhone.Build.0 = Release|Any CPU
		{20F50C2E-F483-43DB-94DD-48C1215A1DDC}.Release|iPhoneSimulator.ActiveCfg = Release|Any CPU
		{20F50C2E-F483-43DB-94DD-48C1215A1DDC}.Release|iPhoneSimulator.Build.0 = Release|Any CPU
		{20F50C2E-F483-43DB-94DD-48C1215A1DDC}.Release|x64.ActiveCfg = Release|Any CPU
		{20F50C2E-F483-43DB-94DD-48C1215A1DDC}.Release|x64.Build.0 = Release|Any CPU
		{20F50C2E-F483-43DB-94DD-48C1215A1DDC}.Release|x86.ActiveCfg = Release|Any CPU
		{20F50C2E-F483-43DB-94DD-48C1215A1DDC}.Release|x86.Build.0 = Release|Any CPU
		{BFC11F39-FF74-4BE4-88E1-8A12D5E57573}.Ad-Hoc|Any CPU.ActiveCfg = Release|Any CPU
		{BFC11F39-FF74-4BE4-88E1-8A12D5E57573}.Ad-Hoc|Any CPU.Build.0 = Release|Any CPU
		{BFC11F39-FF74-4BE4-88E1-8A12D5E57573}.Ad-Hoc|Any CPU.Deploy.0 = Release|Any CPU
		{BFC11F39-FF74-4BE4-88E1-8A12D5E57573}.Ad-Hoc|ARM.ActiveCfg = Release|Any CPU
		{BFC11F39-FF74-4BE4-88E1-8A12D5E57573}.Ad-Hoc|ARM.Build.0 = Release|Any CPU
		{BFC11F39-FF74-4BE4-88E1-8A12D5E57573}.Ad-Hoc|ARM.Deploy.0 = Release|Any CPU
		{BFC11F39-FF74-4BE4-88E1-8A12D5E57573}.Ad-Hoc|iPhone.ActiveCfg = Release|Any CPU
		{BFC11F39-FF74-4BE4-88E1-8A12D5E57573}.Ad-Hoc|iPhone.Build.0 = Release|Any CPU
		{BFC11F39-FF74-4BE4-88E1-8A12D5E57573}.Ad-Hoc|iPhone.Deploy.0 = Release|Any CPU
		{BFC11F39-FF74-4BE4-88E1-8A12D5E57573}.Ad-Hoc|iPhoneSimulator.ActiveCfg = Release|Any CPU
		{BFC11F39-FF74-4BE4-88E1-8A12D5E57573}.Ad-Hoc|iPhoneSimulator.Build.0 = Release|Any CPU
		{BFC11F39-FF74-4BE4-88E1-8A12D5E57573}.Ad-Hoc|iPhoneSimulator.Deploy.0 = Release|Any CPU
		{BFC11F39-FF74-4BE4-88E1-8A12D5E57573}.Ad-Hoc|x64.ActiveCfg = Release|Any CPU
		{BFC11F39-FF74-4BE4-88E1-8A12D5E57573}.Ad-Hoc|x64.Build.0 = Release|Any CPU
		{BFC11F39-FF74-4BE4-88E1-8A12D5E57573}.Ad-Hoc|x64.Deploy.0 = Release|Any CPU
		{BFC11F39-FF74-4BE4-88E1-8A12D5E57573}.Ad-Hoc|x86.ActiveCfg = Release|Any CPU
		{BFC11F39-FF74-4BE4-88E1-8A12D5E57573}.Ad-Hoc|x86.Build.0 = Release|Any CPU
		{BFC11F39-FF74-4BE4-88E1-8A12D5E57573}.Ad-Hoc|x86.Deploy.0 = Release|Any CPU
		{BFC11F39-FF74-4BE4-88E1-8A12D5E57573}.AppStore|Any CPU.ActiveCfg = Release|Any CPU
		{BFC11F39-FF74-4BE4-88E1-8A12D5E57573}.AppStore|Any CPU.Build.0 = Release|Any CPU
		{BFC11F39-FF74-4BE4-88E1-8A12D5E57573}.AppStore|Any CPU.Deploy.0 = Release|Any CPU
		{BFC11F39-FF74-4BE4-88E1-8A12D5E57573}.AppStore|ARM.ActiveCfg = Release|Any CPU
		{BFC11F39-FF74-4BE4-88E1-8A12D5E57573}.AppStore|ARM.Build.0 = Release|Any CPU
		{BFC11F39-FF74-4BE4-88E1-8A12D5E57573}.AppStore|ARM.Deploy.0 = Release|Any CPU
		{BFC11F39-FF74-4BE4-88E1-8A12D5E57573}.AppStore|iPhone.ActiveCfg = Release|Any CPU
		{BFC11F39-FF74-4BE4-88E1-8A12D5E57573}.AppStore|iPhone.Build.0 = Release|Any CPU
		{BFC11F39-FF74-4BE4-88E1-8A12D5E57573}.AppStore|iPhone.Deploy.0 = Release|Any CPU
		{BFC11F39-FF74-4BE4-88E1-8A12D5E57573}.AppStore|iPhoneSimulator.ActiveCfg = Release|Any CPU
		{BFC11F39-FF74-4BE4-88E1-8A12D5E57573}.AppStore|iPhoneSimulator.Build.0 = Release|Any CPU
		{BFC11F39-FF74-4BE4-88E1-8A12D5E57573}.AppStore|iPhoneSimulator.Deploy.0 = Release|Any CPU
		{BFC11F39-FF74-4BE4-88E1-8A12D5E57573}.AppStore|x64.ActiveCfg = Release|Any CPU
		{BFC11F39-FF74-4BE4-88E1-8A12D5E57573}.AppStore|x64.Build.0 = Release|Any CPU
		{BFC11F39-FF74-4BE4-88E1-8A12D5E57573}.AppStore|x64.Deploy.0 = Release|Any CPU
		{BFC11F39-FF74-4BE4-88E1-8A12D5E57573}.AppStore|x86.ActiveCfg = Release|Any CPU
		{BFC11F39-FF74-4BE4-88E1-8A12D5E57573}.AppStore|x86.Build.0 = Release|Any CPU
		{BFC11F39-FF74-4BE4-88E1-8A12D5E57573}.AppStore|x86.Deploy.0 = Release|Any CPU
		{BFC11F39-FF74-4BE4-88E1-8A12D5E57573}.Debug|Any CPU.ActiveCfg = Debug|Any CPU
		{BFC11F39-FF74-4BE4-88E1-8A12D5E57573}.Debug|Any CPU.Build.0 = Debug|Any CPU
		{BFC11F39-FF74-4BE4-88E1-8A12D5E57573}.Debug|Any CPU.Deploy.0 = Debug|Any CPU
		{BFC11F39-FF74-4BE4-88E1-8A12D5E57573}.Debug|ARM.ActiveCfg = Debug|Any CPU
		{BFC11F39-FF74-4BE4-88E1-8A12D5E57573}.Debug|ARM.Build.0 = Debug|Any CPU
		{BFC11F39-FF74-4BE4-88E1-8A12D5E57573}.Debug|ARM.Deploy.0 = Debug|Any CPU
		{BFC11F39-FF74-4BE4-88E1-8A12D5E57573}.Debug|iPhone.ActiveCfg = Debug|Any CPU
		{BFC11F39-FF74-4BE4-88E1-8A12D5E57573}.Debug|iPhone.Build.0 = Debug|Any CPU
		{BFC11F39-FF74-4BE4-88E1-8A12D5E57573}.Debug|iPhone.Deploy.0 = Debug|Any CPU
		{BFC11F39-FF74-4BE4-88E1-8A12D5E57573}.Debug|iPhoneSimulator.ActiveCfg = Debug|Any CPU
		{BFC11F39-FF74-4BE4-88E1-8A12D5E57573}.Debug|iPhoneSimulator.Build.0 = Debug|Any CPU
		{BFC11F39-FF74-4BE4-88E1-8A12D5E57573}.Debug|iPhoneSimulator.Deploy.0 = Debug|Any CPU
		{BFC11F39-FF74-4BE4-88E1-8A12D5E57573}.Debug|x64.ActiveCfg = Debug|Any CPU
		{BFC11F39-FF74-4BE4-88E1-8A12D5E57573}.Debug|x64.Build.0 = Debug|Any CPU
		{BFC11F39-FF74-4BE4-88E1-8A12D5E57573}.Debug|x64.Deploy.0 = Debug|Any CPU
		{BFC11F39-FF74-4BE4-88E1-8A12D5E57573}.Debug|x86.ActiveCfg = Debug|Any CPU
		{BFC11F39-FF74-4BE4-88E1-8A12D5E57573}.Debug|x86.Build.0 = Debug|Any CPU
		{BFC11F39-FF74-4BE4-88E1-8A12D5E57573}.Debug|x86.Deploy.0 = Debug|Any CPU
		{BFC11F39-FF74-4BE4-88E1-8A12D5E57573}.Release|Any CPU.ActiveCfg = Release|Any CPU
		{BFC11F39-FF74-4BE4-88E1-8A12D5E57573}.Release|Any CPU.Build.0 = Release|Any CPU
		{BFC11F39-FF74-4BE4-88E1-8A12D5E57573}.Release|Any CPU.Deploy.0 = Release|Any CPU
		{BFC11F39-FF74-4BE4-88E1-8A12D5E57573}.Release|ARM.ActiveCfg = Release|Any CPU
		{BFC11F39-FF74-4BE4-88E1-8A12D5E57573}.Release|ARM.Build.0 = Release|Any CPU
		{BFC11F39-FF74-4BE4-88E1-8A12D5E57573}.Release|ARM.Deploy.0 = Release|Any CPU
		{BFC11F39-FF74-4BE4-88E1-8A12D5E57573}.Release|iPhone.ActiveCfg = Release|Any CPU
		{BFC11F39-FF74-4BE4-88E1-8A12D5E57573}.Release|iPhone.Build.0 = Release|Any CPU
		{BFC11F39-FF74-4BE4-88E1-8A12D5E57573}.Release|iPhone.Deploy.0 = Release|Any CPU
		{BFC11F39-FF74-4BE4-88E1-8A12D5E57573}.Release|iPhoneSimulator.ActiveCfg = Release|Any CPU
		{BFC11F39-FF74-4BE4-88E1-8A12D5E57573}.Release|iPhoneSimulator.Build.0 = Release|Any CPU
		{BFC11F39-FF74-4BE4-88E1-8A12D5E57573}.Release|iPhoneSimulator.Deploy.0 = Release|Any CPU
		{BFC11F39-FF74-4BE4-88E1-8A12D5E57573}.Release|x64.ActiveCfg = Release|Any CPU
		{BFC11F39-FF74-4BE4-88E1-8A12D5E57573}.Release|x64.Build.0 = Release|Any CPU
		{BFC11F39-FF74-4BE4-88E1-8A12D5E57573}.Release|x64.Deploy.0 = Release|Any CPU
		{BFC11F39-FF74-4BE4-88E1-8A12D5E57573}.Release|x86.ActiveCfg = Release|Any CPU
		{BFC11F39-FF74-4BE4-88E1-8A12D5E57573}.Release|x86.Build.0 = Release|Any CPU
		{BFC11F39-FF74-4BE4-88E1-8A12D5E57573}.Release|x86.Deploy.0 = Release|Any CPU
		{3B7ED67A-8C7C-4110-A375-FC75A4FA358A}.Ad-Hoc|Any CPU.ActiveCfg = Release|x86
		{3B7ED67A-8C7C-4110-A375-FC75A4FA358A}.Ad-Hoc|Any CPU.Build.0 = Release|x86
		{3B7ED67A-8C7C-4110-A375-FC75A4FA358A}.Ad-Hoc|Any CPU.Deploy.0 = Release|x86
		{3B7ED67A-8C7C-4110-A375-FC75A4FA358A}.Ad-Hoc|ARM.ActiveCfg = Release|ARM
		{3B7ED67A-8C7C-4110-A375-FC75A4FA358A}.Ad-Hoc|ARM.Build.0 = Release|ARM
		{3B7ED67A-8C7C-4110-A375-FC75A4FA358A}.Ad-Hoc|ARM.Deploy.0 = Release|ARM
		{3B7ED67A-8C7C-4110-A375-FC75A4FA358A}.Ad-Hoc|iPhone.ActiveCfg = Release|x86
		{3B7ED67A-8C7C-4110-A375-FC75A4FA358A}.Ad-Hoc|iPhone.Build.0 = Release|x86
		{3B7ED67A-8C7C-4110-A375-FC75A4FA358A}.Ad-Hoc|iPhone.Deploy.0 = Release|x86
		{3B7ED67A-8C7C-4110-A375-FC75A4FA358A}.Ad-Hoc|iPhoneSimulator.ActiveCfg = Release|x86
		{3B7ED67A-8C7C-4110-A375-FC75A4FA358A}.Ad-Hoc|iPhoneSimulator.Build.0 = Release|x86
		{3B7ED67A-8C7C-4110-A375-FC75A4FA358A}.Ad-Hoc|iPhoneSimulator.Deploy.0 = Release|x86
		{3B7ED67A-8C7C-4110-A375-FC75A4FA358A}.Ad-Hoc|x64.ActiveCfg = Release|x64
		{3B7ED67A-8C7C-4110-A375-FC75A4FA358A}.Ad-Hoc|x64.Build.0 = Release|x64
		{3B7ED67A-8C7C-4110-A375-FC75A4FA358A}.Ad-Hoc|x64.Deploy.0 = Release|x64
		{3B7ED67A-8C7C-4110-A375-FC75A4FA358A}.Ad-Hoc|x86.ActiveCfg = Release|x86
		{3B7ED67A-8C7C-4110-A375-FC75A4FA358A}.Ad-Hoc|x86.Build.0 = Release|x86
		{3B7ED67A-8C7C-4110-A375-FC75A4FA358A}.Ad-Hoc|x86.Deploy.0 = Release|x86
		{3B7ED67A-8C7C-4110-A375-FC75A4FA358A}.AppStore|Any CPU.ActiveCfg = Release|x86
		{3B7ED67A-8C7C-4110-A375-FC75A4FA358A}.AppStore|Any CPU.Build.0 = Release|x86
		{3B7ED67A-8C7C-4110-A375-FC75A4FA358A}.AppStore|Any CPU.Deploy.0 = Release|x86
		{3B7ED67A-8C7C-4110-A375-FC75A4FA358A}.AppStore|ARM.ActiveCfg = Release|ARM
		{3B7ED67A-8C7C-4110-A375-FC75A4FA358A}.AppStore|ARM.Build.0 = Release|ARM
		{3B7ED67A-8C7C-4110-A375-FC75A4FA358A}.AppStore|ARM.Deploy.0 = Release|ARM
		{3B7ED67A-8C7C-4110-A375-FC75A4FA358A}.AppStore|iPhone.ActiveCfg = Release|x86
		{3B7ED67A-8C7C-4110-A375-FC75A4FA358A}.AppStore|iPhone.Build.0 = Release|x86
		{3B7ED67A-8C7C-4110-A375-FC75A4FA358A}.AppStore|iPhone.Deploy.0 = Release|x86
		{3B7ED67A-8C7C-4110-A375-FC75A4FA358A}.AppStore|iPhoneSimulator.ActiveCfg = Release|x86
		{3B7ED67A-8C7C-4110-A375-FC75A4FA358A}.AppStore|iPhoneSimulator.Build.0 = Release|x86
		{3B7ED67A-8C7C-4110-A375-FC75A4FA358A}.AppStore|iPhoneSimulator.Deploy.0 = Release|x86
		{3B7ED67A-8C7C-4110-A375-FC75A4FA358A}.AppStore|x64.ActiveCfg = Release|x64
		{3B7ED67A-8C7C-4110-A375-FC75A4FA358A}.AppStore|x64.Build.0 = Release|x64
		{3B7ED67A-8C7C-4110-A375-FC75A4FA358A}.AppStore|x64.Deploy.0 = Release|x64
		{3B7ED67A-8C7C-4110-A375-FC75A4FA358A}.AppStore|x86.ActiveCfg = Release|x86
		{3B7ED67A-8C7C-4110-A375-FC75A4FA358A}.AppStore|x86.Build.0 = Release|x86
		{3B7ED67A-8C7C-4110-A375-FC75A4FA358A}.AppStore|x86.Deploy.0 = Release|x86
		{3B7ED67A-8C7C-4110-A375-FC75A4FA358A}.Debug|Any CPU.ActiveCfg = Debug|x86
		{3B7ED67A-8C7C-4110-A375-FC75A4FA358A}.Debug|ARM.ActiveCfg = Debug|ARM
		{3B7ED67A-8C7C-4110-A375-FC75A4FA358A}.Debug|ARM.Build.0 = Debug|ARM
		{3B7ED67A-8C7C-4110-A375-FC75A4FA358A}.Debug|ARM.Deploy.0 = Debug|ARM
		{3B7ED67A-8C7C-4110-A375-FC75A4FA358A}.Debug|iPhone.ActiveCfg = Debug|x86
		{3B7ED67A-8C7C-4110-A375-FC75A4FA358A}.Debug|iPhoneSimulator.ActiveCfg = Debug|x86
		{3B7ED67A-8C7C-4110-A375-FC75A4FA358A}.Debug|x64.ActiveCfg = Debug|x64
		{3B7ED67A-8C7C-4110-A375-FC75A4FA358A}.Debug|x64.Build.0 = Debug|x64
		{3B7ED67A-8C7C-4110-A375-FC75A4FA358A}.Debug|x64.Deploy.0 = Debug|x64
		{3B7ED67A-8C7C-4110-A375-FC75A4FA358A}.Debug|x86.ActiveCfg = Debug|x86
		{3B7ED67A-8C7C-4110-A375-FC75A4FA358A}.Debug|x86.Build.0 = Debug|x86
		{3B7ED67A-8C7C-4110-A375-FC75A4FA358A}.Debug|x86.Deploy.0 = Debug|x86
		{3B7ED67A-8C7C-4110-A375-FC75A4FA358A}.Release|Any CPU.ActiveCfg = Release|x86
		{3B7ED67A-8C7C-4110-A375-FC75A4FA358A}.Release|ARM.ActiveCfg = Release|ARM
		{3B7ED67A-8C7C-4110-A375-FC75A4FA358A}.Release|ARM.Build.0 = Release|ARM
		{3B7ED67A-8C7C-4110-A375-FC75A4FA358A}.Release|ARM.Deploy.0 = Release|ARM
		{3B7ED67A-8C7C-4110-A375-FC75A4FA358A}.Release|iPhone.ActiveCfg = Release|x86
		{3B7ED67A-8C7C-4110-A375-FC75A4FA358A}.Release|iPhoneSimulator.ActiveCfg = Release|x86
		{3B7ED67A-8C7C-4110-A375-FC75A4FA358A}.Release|x64.ActiveCfg = Release|x64
		{3B7ED67A-8C7C-4110-A375-FC75A4FA358A}.Release|x64.Build.0 = Release|x64
		{3B7ED67A-8C7C-4110-A375-FC75A4FA358A}.Release|x64.Deploy.0 = Release|x64
		{3B7ED67A-8C7C-4110-A375-FC75A4FA358A}.Release|x86.ActiveCfg = Release|x86
		{3B7ED67A-8C7C-4110-A375-FC75A4FA358A}.Release|x86.Build.0 = Release|x86
		{3B7ED67A-8C7C-4110-A375-FC75A4FA358A}.Release|x86.Deploy.0 = Release|x86
		{81906FDA-CFFF-4EEA-A5E9-13ED52BDCE2B}.Ad-Hoc|Any CPU.ActiveCfg = Debug|Any CPU
		{81906FDA-CFFF-4EEA-A5E9-13ED52BDCE2B}.Ad-Hoc|Any CPU.Build.0 = Debug|Any CPU
		{81906FDA-CFFF-4EEA-A5E9-13ED52BDCE2B}.Ad-Hoc|ARM.ActiveCfg = Debug|Any CPU
		{81906FDA-CFFF-4EEA-A5E9-13ED52BDCE2B}.Ad-Hoc|ARM.Build.0 = Debug|Any CPU
		{81906FDA-CFFF-4EEA-A5E9-13ED52BDCE2B}.Ad-Hoc|iPhone.ActiveCfg = Debug|Any CPU
		{81906FDA-CFFF-4EEA-A5E9-13ED52BDCE2B}.Ad-Hoc|iPhone.Build.0 = Debug|Any CPU
		{81906FDA-CFFF-4EEA-A5E9-13ED52BDCE2B}.Ad-Hoc|iPhoneSimulator.ActiveCfg = Debug|Any CPU
		{81906FDA-CFFF-4EEA-A5E9-13ED52BDCE2B}.Ad-Hoc|iPhoneSimulator.Build.0 = Debug|Any CPU
		{81906FDA-CFFF-4EEA-A5E9-13ED52BDCE2B}.Ad-Hoc|x64.ActiveCfg = Debug|Any CPU
		{81906FDA-CFFF-4EEA-A5E9-13ED52BDCE2B}.Ad-Hoc|x64.Build.0 = Debug|Any CPU
		{81906FDA-CFFF-4EEA-A5E9-13ED52BDCE2B}.Ad-Hoc|x86.ActiveCfg = Debug|Any CPU
		{81906FDA-CFFF-4EEA-A5E9-13ED52BDCE2B}.Ad-Hoc|x86.Build.0 = Debug|Any CPU
		{81906FDA-CFFF-4EEA-A5E9-13ED52BDCE2B}.AppStore|Any CPU.ActiveCfg = Debug|Any CPU
		{81906FDA-CFFF-4EEA-A5E9-13ED52BDCE2B}.AppStore|Any CPU.Build.0 = Debug|Any CPU
		{81906FDA-CFFF-4EEA-A5E9-13ED52BDCE2B}.AppStore|ARM.ActiveCfg = Debug|Any CPU
		{81906FDA-CFFF-4EEA-A5E9-13ED52BDCE2B}.AppStore|ARM.Build.0 = Debug|Any CPU
		{81906FDA-CFFF-4EEA-A5E9-13ED52BDCE2B}.AppStore|iPhone.ActiveCfg = Debug|Any CPU
		{81906FDA-CFFF-4EEA-A5E9-13ED52BDCE2B}.AppStore|iPhone.Build.0 = Debug|Any CPU
		{81906FDA-CFFF-4EEA-A5E9-13ED52BDCE2B}.AppStore|iPhoneSimulator.ActiveCfg = Debug|Any CPU
		{81906FDA-CFFF-4EEA-A5E9-13ED52BDCE2B}.AppStore|iPhoneSimulator.Build.0 = Debug|Any CPU
		{81906FDA-CFFF-4EEA-A5E9-13ED52BDCE2B}.AppStore|x64.ActiveCfg = Debug|Any CPU
		{81906FDA-CFFF-4EEA-A5E9-13ED52BDCE2B}.AppStore|x64.Build.0 = Debug|Any CPU
		{81906FDA-CFFF-4EEA-A5E9-13ED52BDCE2B}.AppStore|x86.ActiveCfg = Debug|Any CPU
		{81906FDA-CFFF-4EEA-A5E9-13ED52BDCE2B}.AppStore|x86.Build.0 = Debug|Any CPU
		{81906FDA-CFFF-4EEA-A5E9-13ED52BDCE2B}.Debug|Any CPU.ActiveCfg = Debug|Any CPU
		{81906FDA-CFFF-4EEA-A5E9-13ED52BDCE2B}.Debug|Any CPU.Build.0 = Debug|Any CPU
		{81906FDA-CFFF-4EEA-A5E9-13ED52BDCE2B}.Debug|ARM.ActiveCfg = Debug|Any CPU
		{81906FDA-CFFF-4EEA-A5E9-13ED52BDCE2B}.Debug|ARM.Build.0 = Debug|Any CPU
		{81906FDA-CFFF-4EEA-A5E9-13ED52BDCE2B}.Debug|iPhone.ActiveCfg = Debug|Any CPU
		{81906FDA-CFFF-4EEA-A5E9-13ED52BDCE2B}.Debug|iPhone.Build.0 = Debug|Any CPU
		{81906FDA-CFFF-4EEA-A5E9-13ED52BDCE2B}.Debug|iPhoneSimulator.ActiveCfg = Debug|Any CPU
		{81906FDA-CFFF-4EEA-A5E9-13ED52BDCE2B}.Debug|iPhoneSimulator.Build.0 = Debug|Any CPU
		{81906FDA-CFFF-4EEA-A5E9-13ED52BDCE2B}.Debug|x64.ActiveCfg = Debug|Any CPU
		{81906FDA-CFFF-4EEA-A5E9-13ED52BDCE2B}.Debug|x64.Build.0 = Debug|Any CPU
		{81906FDA-CFFF-4EEA-A5E9-13ED52BDCE2B}.Debug|x86.ActiveCfg = Debug|Any CPU
		{81906FDA-CFFF-4EEA-A5E9-13ED52BDCE2B}.Debug|x86.Build.0 = Debug|Any CPU
		{81906FDA-CFFF-4EEA-A5E9-13ED52BDCE2B}.Release|Any CPU.ActiveCfg = Release|Any CPU
		{81906FDA-CFFF-4EEA-A5E9-13ED52BDCE2B}.Release|Any CPU.Build.0 = Release|Any CPU
		{81906FDA-CFFF-4EEA-A5E9-13ED52BDCE2B}.Release|ARM.ActiveCfg = Release|Any CPU
		{81906FDA-CFFF-4EEA-A5E9-13ED52BDCE2B}.Release|ARM.Build.0 = Release|Any CPU
		{81906FDA-CFFF-4EEA-A5E9-13ED52BDCE2B}.Release|iPhone.ActiveCfg = Release|Any CPU
		{81906FDA-CFFF-4EEA-A5E9-13ED52BDCE2B}.Release|iPhone.Build.0 = Release|Any CPU
		{81906FDA-CFFF-4EEA-A5E9-13ED52BDCE2B}.Release|iPhoneSimulator.ActiveCfg = Release|Any CPU
		{81906FDA-CFFF-4EEA-A5E9-13ED52BDCE2B}.Release|iPhoneSimulator.Build.0 = Release|Any CPU
		{81906FDA-CFFF-4EEA-A5E9-13ED52BDCE2B}.Release|x64.ActiveCfg = Release|Any CPU
		{81906FDA-CFFF-4EEA-A5E9-13ED52BDCE2B}.Release|x64.Build.0 = Release|Any CPU
		{81906FDA-CFFF-4EEA-A5E9-13ED52BDCE2B}.Release|x86.ActiveCfg = Release|Any CPU
		{81906FDA-CFFF-4EEA-A5E9-13ED52BDCE2B}.Release|x86.Build.0 = Release|Any CPU
	EndGlobalSection
	GlobalSection(SolutionProperties) = preSolution
		HideSolutionNode = FALSE
	EndGlobalSection
	GlobalSection(NestedProjects) = preSolution
		{BFC11F39-FF74-4BE4-88E1-8A12D5E57573} = {E8589866-37FA-4680-9DBD-A51623D005C7}
		{3B7ED67A-8C7C-4110-A375-FC75A4FA358A} = {E8589866-37FA-4680-9DBD-A51623D005C7}
		{81906FDA-CFFF-4EEA-A5E9-13ED52BDCE2B} = {E8589866-37FA-4680-9DBD-A51623D005C7}
	EndGlobalSection
	GlobalSection(ExtensibilityGlobals) = postSolution
		SolutionGuid = {E614205F-01AB-4C17-BAEF-961FBEDF15E0}
	EndGlobalSection
EndGlobal
